<?xml version="1.0" encoding="utf-8"?>
<Project ToolsVersion="4.0" xmlns="http://schemas.microsoft.com/developer/msbuild/2003">
  <ItemGroup>
    <Filter Include="Source Files">
      <UniqueIdentifier>{4FC737F1-C7A5-4376-A066-2A32D752A2FF}</UniqueIdentifier>
      <Extensions>cpp;c;cc;cxx;def;odl;idl;hpj;bat;asm;asmx</Extensions>
    </Filter>
    <Filter Include="Header Files">
      <UniqueIdentifier>{93995380-89BD-4b04-88EB-625FBE52EBFB}</UniqueIdentifier>
      <Extensions>h;hh;hpp;hxx;hm;inl;inc;ipp;xsd</Extensions>
    </Filter>
    <Filter Include="Resource Files">
      <UniqueIdentifier>{67DA6AB6-F800-4c08-8B7A-83BB121AAD01}</UniqueIdentifier>
      <Extensions>rc;ico;cur;bmp;dlg;rc2;rct;bin;rgs;gif;jpg;jpeg;jpe;resx;tiff;tif;png;wav;mfcribbon-ms</Extensions>
    </Filter>
    <Filter Include="Input">
      <UniqueIdentifier>{56d8da3b-c239-44ef-876b-483493fafe5e}</UniqueIdentifier>
    </Filter>
    <Filter Include="Source Files\Input">
      <UniqueIdentifier>{bc45d2fc-8255-4d1e-bc89-b5c76887710a}</UniqueIdentifier>
    </Filter>
    <Filter Include="Header Files\Graphics">
      <UniqueIdentifier>{41c72ca7-b917-4495-b18b-9b4daea8a67f}</UniqueIdentifier>
    </Filter>
    <Filter Include="Source Files\Graphics">
      <UniqueIdentifier>{f014f7d1-e772-4367-9600-eb5f386c81da}</UniqueIdentifier>
    </Filter>
  </ItemGroup>
  <ItemGroup>
    <ClCompile Include="StringConverter.cpp">
      <Filter>Source Files</Filter>
    </ClCompile>
    <ClCompile Include="ErrLogger.cpp">
      <Filter>Source Files</Filter>
    </ClCompile>
    <ClCompile Include="RenderWindow.cpp">
      <Filter>Source Files</Filter>
    </ClCompile>
    <ClCompile Include="Engine.cpp">
      <Filter>Source Files</Filter>
    </ClCompile>
    <ClCompile Include="WindowContainer.cpp">
      <Filter>Source Files</Filter>
    </ClCompile>
    <ClCompile Include="Main.cpp">
      <Filter>Source Files\Input</Filter>
    </ClCompile>
    <ClCompile Include="KeyboardClass.cpp">
      <Filter>Source Files\Input</Filter>
    </ClCompile>
    <ClCompile Include="KeyboardEvent.cpp">
      <Filter>Source Files\Input</Filter>
    </ClCompile>
    <ClCompile Include="MouseClass.cpp">
      <Filter>Source Files\Input</Filter>
    </ClCompile>
    <ClCompile Include="MouseEvent.cpp">
      <Filter>Source Files</Filter>
    </ClCompile>
    <ClCompile Include="Graphics\Graphics.cpp">
      <Filter>Source Files\Graphics</Filter>
    </ClCompile>
    <ClCompile Include="Graphics\AdapterReader.cpp">
      <Filter>Source Files</Filter>
    </ClCompile>
    <ClCompile Include="Graphics\Shader.cpp">
      <Filter>Source Files</Filter>
    </ClCompile>
  </ItemGroup>
  <ItemGroup>
    <ClInclude Include="StringConverter.h">
      <Filter>Header Files</Filter>
    </ClInclude>
    <ClInclude Include="ErrLogger.h">
      <Filter>Header Files</Filter>
    </ClInclude>
    <ClInclude Include="RenderWindow.h">
      <Filter>Header Files</Filter>
    </ClInclude>
    <ClInclude Include="Engine.h">
      <Filter>Header Files</Filter>
    </ClInclude>
    <ClInclude Include="WindowContainer.h">
      <Filter>Header Files</Filter>
    </ClInclude>
    <ClInclude Include="KeyboardClass.h">
      <Filter>Input</Filter>
    </ClInclude>
    <ClInclude Include="KeyboardEvent.h">
      <Filter>Input</Filter>
    </ClInclude>
    <ClInclude Include="MouseClass.h">
      <Filter>Input</Filter>
    </ClInclude>
    <ClInclude Include="MouseEvent.h">
      <Filter>Input</Filter>
    </ClInclude>
    <ClInclude Include="Graphics\Graphics.h">
      <Filter>Header Files\Graphics</Filter>
    </ClInclude>
    <ClInclude Include="Graphics\AdapterReader.h">
      <Filter>Header Files</Filter>
    </ClInclude>
    <ClInclude Include="Graphics\Shader.h">
      <Filter>Header Files</Filter>
    </ClInclude>
    <ClInclude Include="Graphics\Vertex.h">
      <Filter>Header Files\Graphics</Filter>
    </ClInclude>
    <ClInclude Include="Graphics\VertexBuffer.h">
      <Filter>Header Files</Filter>
    </ClInclude>
    <ClInclude Include="Graphics\IndexBuffer.h">
      <Filter>Header Files</Filter>
    </ClInclude>
  </ItemGroup>
  <ItemGroup>
    <FxCompile Include="pixelshader.hlsl">
      <Filter>Resource Files</Filter>
    </FxCompile>
    <FxCompile Include="vertexshader.hlsl">
      <Filter>Resource Files</Filter>
    </FxCompile>
  </ItemGroup>
</Project>